
Microsoft Visual Studio Solution File, Format Version 12.00
# Visual Studio 15
VisualStudioVersion = 15.0.28010.2016
MinimumVisualStudioVersion = 10.0.40219.1
Project("{FAE04EC0-301F-11D3-BF4B-00C04F79EFBC}") = "heheXDd", "heheXDd\heheXDd.csproj", "{9563D4EF-F97C-4EAD-8F1F-E9F37D2999DC}"
EndProject
Global
	GlobalSection(SolutionConfigurationPlatforms) = preSolution
		Debug|Any CPU = Debug|Any CPU
		Release|Any CPU = Release|Any CPU
	EndGlobalSection
	GlobalSection(ProjectConfigurationPlatforms) = postSolution
		{9563D4EF-F97C-4EAD-8F1F-E9F37D2999DC}.Debug|Any CPU.ActiveCfg = Debug|Any CPU
		{9563D4EF-F97C-4EAD-8F1F-E9F37D2999DC}.Debug|Any CPU.Build.0 = Debug|Any CPU
		{9563D4EF-F97C-4EAD-8F1F-E9F37D2999DC}.Release|Any CPU.ActiveCfg = Release|Any CPU
		{9563D4EF-F97C-4EAD-8F1F-E9F37D2999DC}.Release|Any CPU.Build.0 = Release|Any CPU
	EndGlobalSection
	GlobalSection(SolutionProperties) = preSolution
		HideSolutionNode = FALSE
	EndGlobalSection
	GlobalSection(ExtensibilityGlobals) = postSolution
		SolutionGuid = {0F2C4DCF-C050-4BA3-81F0-A16FFE26EF2A}
	EndGlobalSection
EndGlobal
