
Microsoft Visual Studio Solution File, Format Version 12.00
# Visual Studio 15
VisualStudioVersion = 15.0.28010.2016
MinimumVisualStudioVersion = 10.0.40219.1
Project("{FAE04EC0-301F-11D3-BF4B-00C04F79EFBC}") = "GenHTMLCode", "GenHTMLCode\GenHTMLCode.csproj", "{17E9ABDC-936C-47C7-882C-70F297A11E2B}"
EndProject
Global
	GlobalSection(SolutionConfigurationPlatforms) = preSolution
		Debug|Any CPU = Debug|Any CPU
		Release|Any CPU = Release|Any CPU
	EndGlobalSection
	GlobalSection(ProjectConfigurationPlatforms) = postSolution
		{17E9ABDC-936C-47C7-882C-70F297A11E2B}.Debug|Any CPU.ActiveCfg = Debug|Any CPU
		{17E9ABDC-936C-47C7-882C-70F297A11E2B}.Debug|Any CPU.Build.0 = Debug|Any CPU
		{17E9ABDC-936C-47C7-882C-70F297A11E2B}.Release|Any CPU.ActiveCfg = Release|Any CPU
		{17E9ABDC-936C-47C7-882C-70F297A11E2B}.Release|Any CPU.Build.0 = Release|Any CPU
	EndGlobalSection
	GlobalSection(SolutionProperties) = preSolution
		HideSolutionNode = FALSE
	EndGlobalSection
	GlobalSection(ExtensibilityGlobals) = postSolution
		SolutionGuid = {37E2D966-4FCC-48B5-807B-BCD867318A8C}
	EndGlobalSection
EndGlobal
