
Microsoft Visual Studio Solution File, Format Version 12.00
# Visual Studio 15
VisualStudioVersion = 15.0.28010.2016
MinimumVisualStudioVersion = 10.0.40219.1
Project("{FAE04EC0-301F-11D3-BF4B-00C04F79EFBC}") = "Guesswho", "Guesswho\Guesswho.csproj", "{A5C01BFE-F306-4C78-B30C-9F5644876F81}"
EndProject
Global
	GlobalSection(SolutionConfigurationPlatforms) = preSolution
		Debug|Any CPU = Debug|Any CPU
		Release|Any CPU = Release|Any CPU
	EndGlobalSection
	GlobalSection(ProjectConfigurationPlatforms) = postSolution
		{A5C01BFE-F306-4C78-B30C-9F5644876F81}.Debug|Any CPU.ActiveCfg = Debug|Any CPU
		{A5C01BFE-F306-4C78-B30C-9F5644876F81}.Debug|Any CPU.Build.0 = Debug|Any CPU
		{A5C01BFE-F306-4C78-B30C-9F5644876F81}.Release|Any CPU.ActiveCfg = Release|Any CPU
		{A5C01BFE-F306-4C78-B30C-9F5644876F81}.Release|Any CPU.Build.0 = Release|Any CPU
	EndGlobalSection
	GlobalSection(SolutionProperties) = preSolution
		HideSolutionNode = FALSE
	EndGlobalSection
	GlobalSection(ExtensibilityGlobals) = postSolution
		SolutionGuid = {E11AE9C3-7763-46CA-9A6B-0CF00B37E629}
	EndGlobalSection
EndGlobal
